
Microsoft Visual Studio Solution File, Format Version 12.00
# Visual Studio 14
VisualStudioVersion = 14.0.25123.0
MinimumVisualStudioVersion = 10.0.40219.1
Project("{FAE04EC0-301F-11D3-BF4B-00C04F79EFBC}") = "FreeMusic", "FreeMusic\FreeMusic.csproj", "{B16F81D3-AFB7-4FAE-A1B1-6D122B4D8796}"
EndProject
Project("{FAE04EC0-301F-11D3-BF4B-00C04F79EFBC}") = "Domain", "Domain\Domain.csproj", "{AC844640-10E3-4DC0-9C56-28E8A9FDA1F5}"
EndProject
Project("{FAE04EC0-301F-11D3-BF4B-00C04F79EFBC}") = "DAL", "DAL\DAL.csproj", "{BDAC870E-3E65-4437-AD91-66A24D29EB4F}"
EndProject
Global
	GlobalSection(SolutionConfigurationPlatforms) = preSolution
		Debug|Any CPU = Debug|Any CPU
		Release|Any CPU = Release|Any CPU
	EndGlobalSection
	GlobalSection(ProjectConfigurationPlatforms) = postSolution
		{B16F81D3-AFB7-4FAE-A1B1-6D122B4D8796}.Debug|Any CPU.ActiveCfg = Debug|Any CPU
		{B16F81D3-AFB7-4FAE-A1B1-6D122B4D8796}.Debug|Any CPU.Build.0 = Debug|Any CPU
		{B16F81D3-AFB7-4FAE-A1B1-6D122B4D8796}.Release|Any CPU.ActiveCfg = Release|Any CPU
		{B16F81D3-AFB7-4FAE-A1B1-6D122B4D8796}.Release|Any CPU.Build.0 = Release|Any CPU
		{AC844640-10E3-4DC0-9C56-28E8A9FDA1F5}.Debug|Any CPU.ActiveCfg = Debug|Any CPU
		{AC844640-10E3-4DC0-9C56-28E8A9FDA1F5}.Debug|Any CPU.Build.0 = Debug|Any CPU
		{AC844640-10E3-4DC0-9C56-28E8A9FDA1F5}.Release|Any CPU.ActiveCfg = Release|Any CPU
		{AC844640-10E3-4DC0-9C56-28E8A9FDA1F5}.Release|Any CPU.Build.0 = Release|Any CPU
		{BDAC870E-3E65-4437-AD91-66A24D29EB4F}.Debug|Any CPU.ActiveCfg = Debug|Any CPU
		{BDAC870E-3E65-4437-AD91-66A24D29EB4F}.Debug|Any CPU.Build.0 = Debug|Any CPU
		{BDAC870E-3E65-4437-AD91-66A24D29EB4F}.Release|Any CPU.ActiveCfg = Release|Any CPU
		{BDAC870E-3E65-4437-AD91-66A24D29EB4F}.Release|Any CPU.Build.0 = Release|Any CPU
	EndGlobalSection
	GlobalSection(SolutionProperties) = preSolution
		HideSolutionNode = FALSE
	EndGlobalSection
EndGlobal
